// !$*UTF8*$!
{
	archiveVersion = 1;
	classes = {
	};
	objectVersion = 46;
	objects = {

/* Begin PBXBuildFile section */
		019BE1751E49028D00EB6E0D /* AppDelegate.swift in Sources */ = {isa = PBXBuildFile; fileRef = 019BE1741E49028D00EB6E0D /* AppDelegate.swift */; };
		019BE17A1E49028D00EB6E0D /* Main.storyboard in Resources */ = {isa = PBXBuildFile; fileRef = 019BE1781E49028D00EB6E0D /* Main.storyboard */; };
		019BE17C1E49028D00EB6E0D /* Assets.xcassets in Resources */ = {isa = PBXBuildFile; fileRef = 019BE17B1E49028D00EB6E0D /* Assets.xcassets */; };
		019BE17F1E49028D00EB6E0D /* LaunchScreen.storyboard in Resources */ = {isa = PBXBuildFile; fileRef = 019BE17D1E49028D00EB6E0D /* LaunchScreen.storyboard */; };
		019BE1871E49038B00EB6E0D /* MoviesViewController.swift in Sources */ = {isa = PBXBuildFile; fileRef = 019BE1861E49038B00EB6E0D /* MoviesViewController.swift */; };
		019BE18A1E49446100EB6E0D /* MovieCell.swift in Sources */ = {isa = PBXBuildFile; fileRef = 019BE1891E49446100EB6E0D /* MovieCell.swift */; };
		561B9FE1E07D01C50B569BCE /* Pods_MovieViewer.framework in Frameworks */ = {isa = PBXBuildFile; fileRef = ECC3339102C4083913F7FBA9 /* Pods_MovieViewer.framework */; };
/* End PBXBuildFile section */

/* Begin PBXFileReference section */
		019BE1711E49028D00EB6E0D /* MovieViewer.app */ = {isa = PBXFileReference; explicitFileType = wrapper.application; includeInIndex = 0; path = MovieViewer.app; sourceTree = BUILT_PRODUCTS_DIR; };
		019BE1741E49028D00EB6E0D /* AppDelegate.swift */ = {isa = PBXFileReference; lastKnownFileType = sourcecode.swift; path = AppDelegate.swift; sourceTree = "<group>"; };
		019BE1791E49028D00EB6E0D /* Base */ = {isa = PBXFileReference; lastKnownFileType = file.storyboard; name = Base; path = Base.lproj/Main.storyboard; sourceTree = "<group>"; };
		019BE17B1E49028D00EB6E0D /* Assets.xcassets */ = {isa = PBXFileReference; lastKnownFileType = folder.assetcatalog; path = Assets.xcassets; sourceTree = "<group>"; };
		019BE17E1E49028D00EB6E0D /* Base */ = {isa = PBXFileReference; lastKnownFileType = file.storyboard; name = Base; path = Base.lproj/LaunchScreen.storyboard; sourceTree = "<group>"; };
		019BE1801E49028D00EB6E0D /* Info.plist */ = {isa = PBXFileReference; lastKnownFileType = text.plist.xml; path = Info.plist; sourceTree = "<group>"; };
		019BE1861E49038B00EB6E0D /* MoviesViewController.swift */ = {isa = PBXFileReference; fileEncoding = 4; lastKnownFileType = sourcecode.swift; path = MoviesViewController.swift; sourceTree = "<group>"; };
		019BE1891E49446100EB6E0D /* MovieCell.swift */ = {isa = PBXFileReference; fileEncoding = 4; lastKnownFileType = sourcecode.swift; path = MovieCell.swift; sourceTree = "<group>"; };
		6A4B5BDA86AB10A291780162 /* Pods-MovieViewer.debug.xcconfig */ = {isa = PBXFileReference; includeInIndex = 1; lastKnownFileType = text.xcconfig; name = "Pods-MovieViewer.debug.xcconfig"; path = "Pods/Target Support Files/Pods-MovieViewer/Pods-MovieViewer.debug.xcconfig"; sourceTree = "<group>"; };
		7683490BD7DD69DF34486140 /* Pods-MovieViewer.release.xcconfig */ = {isa = PBXFileReference; includeInIndex = 1; lastKnownFileType = text.xcconfig; name = "Pods-MovieViewer.release.xcconfig"; path = "Pods/Target Support Files/Pods-MovieViewer/Pods-MovieViewer.release.xcconfig"; sourceTree = "<group>"; };
		ECC3339102C4083913F7FBA9 /* Pods_MovieViewer.framework */ = {isa = PBXFileReference; explicitFileType = wrapper.framework; includeInIndex = 0; path = Pods_MovieViewer.framework; sourceTree = BUILT_PRODUCTS_DIR; };
/* End PBXFileReference section */

/* Begin PBXFrameworksBuildPhase section */
		019BE16E1E49028C00EB6E0D /* Frameworks */ = {
			isa = PBXFrameworksBuildPhase;
			buildActionMask = 2147483647;
			files = (
				561B9FE1E07D01C50B569BCE /* Pods_MovieViewer.framework in Frameworks */,
			);
			runOnlyForDeploymentPostprocessing = 0;
		};
/* End PBXFrameworksBuildPhase section */

/* Begin PBXGroup section */
		019BE1681E49028C00EB6E0D = {
			isa = PBXGroup;
			children = (
				019BE1731E49028D00EB6E0D /* MovieViewer */,
				019BE1721E49028D00EB6E0D /* Products */,
				EAFFB2AA86FEBF48EED098C5 /* Pods */,
				C799B37DE547212EFDFE9EEE /* Frameworks */,
			);
			sourceTree = "<group>";
		};
		019BE1721E49028D00EB6E0D /* Products */ = {
			isa = PBXGroup;
			children = (
				019BE1711E49028D00EB6E0D /* MovieViewer.app */,
			);
			name = Products;
			sourceTree = "<group>";
		};
		019BE1731E49028D00EB6E0D /* MovieViewer */ = {
			isa = PBXGroup;
			children = (
				019BE18B1E49446900EB6E0D /* View Controllers */,
				019BE1881E49441F00EB6E0D /* Views */,
				019BE1741E49028D00EB6E0D /* AppDelegate.swift */,
				019BE1781E49028D00EB6E0D /* Main.storyboard */,
				019BE17B1E49028D00EB6E0D /* Assets.xcassets */,
				019BE17D1E49028D00EB6E0D /* LaunchScreen.storyboard */,
				019BE1801E49028D00EB6E0D /* Info.plist */,
			);
			path = MovieViewer;
			sourceTree = "<group>";
		};
		019BE1881E49441F00EB6E0D /* Views */ = {
			isa = PBXGroup;
			children = (
				019BE1891E49446100EB6E0D /* MovieCell.swift */,
			);
			name = Views;
			sourceTree = "<group>";
		};
		019BE18B1E49446900EB6E0D /* View Controllers */ = {
			isa = PBXGroup;
			children = (
				019BE1861E49038B00EB6E0D /* MoviesViewController.swift */,
			);
			name = "View Controllers";
			sourceTree = "<group>";
		};
		C799B37DE547212EFDFE9EEE /* Frameworks */ = {
			isa = PBXGroup;
			children = (
				ECC3339102C4083913F7FBA9 /* Pods_MovieViewer.framework */,
			);
			name = Frameworks;
			sourceTree = "<group>";
		};
		EAFFB2AA86FEBF48EED098C5 /* Pods */ = {
			isa = PBXGroup;
			children = (
				6A4B5BDA86AB10A291780162 /* Pods-MovieViewer.debug.xcconfig */,
				7683490BD7DD69DF34486140 /* Pods-MovieViewer.release.xcconfig */,
			);
			name = Pods;
			sourceTree = "<group>";
		};
/* End PBXGroup section */

/* Begin PBXNativeTarget section */
		019BE1701E49028C00EB6E0D /* MovieViewer */ = {
			isa = PBXNativeTarget;
			buildConfigurationList = 019BE1831E49028D00EB6E0D /* Build configuration list for PBXNativeTarget "MovieViewer" */;
			buildPhases = (
				6A45BD9E1BF8915C57EBE24C /* [CP] Check Pods Manifest.lock */,
				019BE16D1E49028C00EB6E0D /* Sources */,
				019BE16E1E49028C00EB6E0D /* Frameworks */,
				019BE16F1E49028C00EB6E0D /* Resources */,
				DDAC93EB24B65B63F1CBBD16 /* [CP] Embed Pods Frameworks */,
				6E3C948E5F5D720FB5E9DD09 /* [CP] Copy Pods Resources */,
			);
			buildRules = (
			);
			dependencies = (
			);
			name = MovieViewer;
			productName = MovieViewer;
			productReference = 019BE1711E49028D00EB6E0D /* MovieViewer.app */;
			productType = "com.apple.product-type.application";
		};
/* End PBXNativeTarget section */

/* Begin PBXProject section */
		019BE1691E49028C00EB6E0D /* Project object */ = {
			isa = PBXProject;
			attributes = {
				LastSwiftUpdateCheck = 0820;
				LastUpgradeCheck = 0820;
				ORGANIZATIONNAME = "Weichu Hu";
				TargetAttributes = {
					019BE1701E49028C00EB6E0D = {
						CreatedOnToolsVersion = 8.2.1;
						DevelopmentTeam = HSZYW3F6T3;
						ProvisioningStyle = Automatic;
					};
				};
			};
			buildConfigurationList = 019BE16C1E49028C00EB6E0D /* Build configuration list for PBXProject "MovieViewer" */;
			compatibilityVersion = "Xcode 3.2";
			developmentRegion = English;
			hasScannedForEncodings = 0;
			knownRegions = (
				en,
				Base,
			);
			mainGroup = 019BE1681E49028C00EB6E0D;
			productRefGroup = 019BE1721E49028D00EB6E0D /* Products */;
			projectDirPath = "";
			projectRoot = "";
			targets = (
				019BE1701E49028C00EB6E0D /* MovieViewer */,
			);
		};
/* End PBXProject section */

/* Begin PBXResourcesBuildPhase section */
		019BE16F1E49028C00EB6E0D /* Resources */ = {
			isa = PBXResourcesBuildPhase;
			buildActionMask = 2147483647;
			files = (
				019BE17F1E49028D00EB6E0D /* LaunchScreen.storyboard in Resources */,
				019BE17C1E49028D00EB6E0D /* Assets.xcassets in Resources */,
				019BE17A1E49028D00EB6E0D /* Main.storyboard in Resources */,
			);
			runOnlyForDeploymentPostprocessing = 0;
		};
/* End PBXResourcesBuildPhase section */

/* Begin PBXShellScriptBuildPhase section */
		6A45BD9E1BF8915C57EBE24C /* [CP] Check Pods Manifest.lock */ = {
			isa = PBXShellScriptBuildPhase;
			buildActionMask = 2147483647;
			files = (
			);
			inputPaths = (
			);
			name = "[CP] Check Pods Manifest.lock";
			outputPaths = (
			);
			runOnlyForDeploymentPostprocessing = 0;
			shellPath = /bin/sh;
			shellScript = "diff \"${PODS_ROOT}/../Podfile.lock\" \"${PODS_ROOT}/Manifest.lock\" > /dev/null\nif [ $? != 0 ] ; then\n    # print error to STDERR\n    echo \"error: The sandbox is not in sync with the Podfile.lock. Run 'pod install' or update your CocoaPods installation.\" >&2\n    exit 1\nfi\n";
			showEnvVarsInLog = 0;
		};
		6E3C948E5F5D720FB5E9DD09 /* [CP] Copy Pods Resources */ = {
			isa = PBXShellScriptBuildPhase;
			buildActionMask = 2147483647;
			files = (
			);
			inputPaths = (
			);
			name = "[CP] Copy Pods Resources";
			outputPaths = (
			);
			runOnlyForDeploymentPostprocessing = 0;
			shellPath = /bin/sh;
			shellScript = "\"${SRCROOT}/Pods/Target Support Files/Pods-MovieViewer/Pods-MovieViewer-resources.sh\"\n";
			showEnvVarsInLog = 0;
		};
		DDAC93EB24B65B63F1CBBD16 /* [CP] Embed Pods Frameworks */ = {
			isa = PBXShellScriptBuildPhase;
			buildActionMask = 2147483647;
			files = (
			);
			inputPaths = (
			);
			name = "[CP] Embed Pods Frameworks";
			outputPaths = (
			);
			runOnlyForDeploymentPostprocessing = 0;
			shellPath = /bin/sh;
			shellScript = "\"${SRCROOT}/Pods/Target Support Files/Pods-MovieViewer/Pods-MovieViewer-frameworks.sh\"\n";
			showEnvVarsInLog = 0;
		};
/* End PBXShellScriptBuildPhase section */

/* Begin PBXSourcesBuildPhase section */
		019BE16D1E49028C00EB6E0D /* Sources */ = {
			isa = PBXSourcesBuildPhase;
			buildActionMask = 2147483647;
			files = (
				019BE1751E49028D00EB6E0D /* AppDelegate.swift in Sources */,
				019BE1871E49038B00EB6E0D /* MoviesViewController.swift in Sources */,
				019BE18A1E49446100EB6E0D /* MovieCell.swift in Sources */,
			);
			runOnlyForDeploymentPostprocessing = 0;
		};
/* End PBXSourcesBuildPhase section */

/* Begin PBXVariantGroup section */
		019BE1781E49028D00EB6E0D /* Main.storyboard */ = {
			isa = PBXVariantGroup;
			children = (
				019BE1791E49028D00EB6E0D /* Base */,
			);
			name = Main.storyboard;
			sourceTree = "<group>";
		};
		019BE17D1E49028D00EB6E0D /* LaunchScreen.storyboard */ = {
			isa = PBXVariantGroup;
			children = (
				019BE17E1E49028D00EB6E0D /* Base */,
			);
			name = LaunchScreen.storyboard;
			sourceTree = "<group>";
		};
/* End PBXVariantGroup section */

/* Begin XCBuildConfiguration section */
		019BE1811E49028D00EB6E0D /* Debug */ = {
			isa = XCBuildConfiguration;
			buildSettings = {
				ALWAYS_SEARCH_USER_PATHS = NO;
				CLANG_ANALYZER_NONNULL = YES;
				CLANG_CXX_LANGUAGE_STANDARD = "gnu++0x";
				CLANG_CXX_LIBRARY = "libc++";
				CLANG_ENABLE_MODULES = YES;
				CLANG_ENABLE_OBJC_ARC = YES;
				CLANG_WARN_BOOL_CONVERSION = YES;
				CLANG_WARN_CONSTANT_CONVERSION = YES;
				CLANG_WARN_DIRECT_OBJC_ISA_USAGE = YES_ERROR;
				CLANG_WARN_DOCUMENTATION_COMMENTS = YES;
				CLANG_WARN_EMPTY_BODY = YES;
				CLANG_WARN_ENUM_CONVERSION = YES;
				CLANG_WARN_INFINITE_RECURSION = YES;
				CLANG_WARN_INT_CONVERSION = YES;
				CLANG_WARN_OBJC_ROOT_CLASS = YES_ERROR;
				CLANG_WARN_SUSPICIOUS_MOVE = YES;
				CLANG_WARN_UNREACHABLE_CODE = YES;
				CLANG_WARN__DUPLICATE_METHOD_MATCH = YES;
				"CODE_SIGN_IDENTITY[sdk=iphoneos*]" = "iPhone Developer";
				COPY_PHASE_STRIP = NO;
				DEBUG_INFORMATION_FORMAT = dwarf;
				ENABLE_STRICT_OBJC_MSGSEND = YES;
				ENABLE_TESTABILITY = YES;
				GCC_C_LANGUAGE_STANDARD = gnu99;
				GCC_DYNAMIC_NO_PIC = NO;
				GCC_NO_COMMON_BLOCKS = YES;
				GCC_OPTIMIZATION_LEVEL = 0;
				GCC_PREPROCESSOR_DEFINITIONS = (
					"DEBUG=1",
					"$(inherited)",
				);
				GCC_WARN_64_TO_32_BIT_CONVERSION = YES;
				GCC_WARN_ABOUT_RETURN_TYPE = YES_ERROR;
				GCC_WARN_UNDECLARED_SELECTOR = YES;
				GCC_WARN_UNINITIALIZED_AUTOS = YES_AGGRESSIVE;
				GCC_WARN_UNUSED_FUNCTION = YES;
				GCC_WARN_UNUSED_VARIABLE = YES;
				IPHONEOS_DEPLOYMENT_TARGET = 10.2;
				MTL_ENABLE_DEBUG_INFO = YES;
				ONLY_ACTIVE_ARCH = YES;
				SDKROOT = iphoneos;
				SWIFT_ACTIVE_COMPILATION_CONDITIONS = DEBUG;
				SWIFT_OPTIMIZATION_LEVEL = "-Onone";
				TARGETED_DEVICE_FAMILY = "1,2";
			};
			name = Debug;
		};
		019BE1821E49028D00EB6E0D /* Release */ = {
			isa = XCBuildConfiguration;
			buildSettings = {
				ALWAYS_SEARCH_USER_PATHS = NO;
				CLANG_ANALYZER_NONNULL = YES;
				CLANG_CXX_LANGUAGE_STANDARD = "gnu++0x";
				CLANG_CXX_LIBRARY = "libc++";
				CLANG_ENABLE_MODULES = YES;
				CLANG_ENABLE_OBJC_ARC = YES;
				CLANG_WARN_BOOL_CONVERSION = YES;
				CLANG_WARN_CONSTANT_CONVERSION = YES;
				CLANG_WARN_DIRECT_OBJC_ISA_USAGE = YES_ERROR;
				CLANG_WARN_DOCUMENTATION_COMMENTS = YES;
				CLANG_WARN_EMPTY_BODY = YES;
				CLANG_WARN_ENUM_CONVERSION = YES;
				CLANG_WARN_INFINITE_RECURSION = YES;
				CLANG_WARN_INT_CONVERSION = YES;
				CLANG_WARN_OBJC_ROOT_CLASS = YES_ERROR;
				CLANG_WARN_SUSPICIOUS_MOVE = YES;
				CLANG_WARN_UNREACHABLE_CODE = YES;
				CLANG_WARN__DUPLICATE_METHOD_MATCH = YES;
				"CODE_SIGN_IDENTITY[sdk=iphoneos*]" = "iPhone Developer";
				COPY_PHASE_STRIP = NO;
				DEBUG_INFORMATION_FORMAT = "dwarf-with-dsym";
				ENABLE_NS_ASSERTIONS = NO;
				ENABLE_STRICT_OBJC_MSGSEND = YES;
				GCC_C_LANGUAGE_STANDARD = gnu99;
				GCC_NO_COMMON_BLOCKS = YES;
				GCC_WARN_64_TO_32_BIT_CONVERSION = YES;
				GCC_WARN_ABOUT_RETURN_TYPE = YES_ERROR;
				GCC_WARN_UNDECLARED_SELECTOR = YES;
				GCC_WARN_UNINITIALIZED_AUTOS = YES_AGGRESSIVE;
				GCC_WARN_UNUSED_FUNCTION = YES;
				GCC_WARN_UNUSED_VARIABLE = YES;
				IPHONEOS_DEPLOYMENT_TARGET = 10.2;
				MTL_ENABLE_DEBUG_INFO = NO;
				SDKROOT = iphoneos;
				SWIFT_OPTIMIZATION_LEVEL = "-Owholemodule";
				TARGETED_DEVICE_FAMILY = "1,2";
				VALIDATE_PRODUCT = YES;
			};
			name = Release;
		};
		019BE1841E49028D00EB6E0D /* Debug */ = {
			isa = XCBuildConfiguration;
			baseConfigurationReference = 6A4B5BDA86AB10A291780162 /* Pods-MovieViewer.debug.xcconfig */;
			buildSettings = {
				ASSETCATALOG_COMPILER_APPICON_NAME = AppIcon;
				DEVELOPMENT_TEAM = HSZYW3F6T3;
				INFOPLIST_FILE = MovieViewer/Info.plist;
				LD_RUNPATH_SEARCH_PATHS = "$(inherited) @executable_path/Frameworks";
				PRODUCT_BUNDLE_IDENTIFIER = com.huweichu.MovieViewer;
				PRODUCT_NAME = "$(TARGET_NAME)";
				SWIFT_VERSION = 3.0;
			};
			name = Debug;
		};
		019BE1851E49028D00EB6E0D /* Release */ = {
			isa = XCBuildConfiguration;
			baseConfigurationReference = 7683490BD7DD69DF34486140 /* Pods-MovieViewer.release.xcconfig */;
			buildSettings = {
				ASSETCATALOG_COMPILER_APPICON_NAME = AppIcon;
				DEVELOPMENT_TEAM = HSZYW3F6T3;
				INFOPLIST_FILE = MovieViewer/Info.plist;
				LD_RUNPATH_SEARCH_PATHS = "$(inherited) @executable_path/Frameworks";
				PRODUCT_BUNDLE_IDENTIFIER = com.huweichu.MovieViewer;
				PRODUCT_NAME = "$(TARGET_NAME)";
				SWIFT_VERSION = 3.0;
			};
			name = Release;
		};
/* End XCBuildConfiguration section */

/* Begin XCConfigurationList section */
		019BE16C1E49028C00EB6E0D /* Build configuration list for PBXProject "MovieViewer" */ = {
			isa = XCConfigurationList;
			buildConfigurations = (
				019BE1811E49028D00EB6E0D /* Debug */,
				019BE1821E49028D00EB6E0D /* Release */,
			);
			defaultConfigurationIsVisible = 0;
			defaultConfigurationName = Release;
		};
		019BE1831E49028D00EB6E0D /* Build configuration list for PBXNativeTarget "MovieViewer" */ = {
			isa = XCConfigurationList;
			buildConfigurations = (
				019BE1841E49028D00EB6E0D /* Debug */,
				019BE1851E49028D00EB6E0D /* Release */,
			);
			defaultConfigurationIsVisible = 0;
		};
/* End XCConfigurationList section */
	};
	rootObject = 019BE1691E49028C00EB6E0D /* Project object */;
}
